
Microsoft Visual Studio Solution File, Format Version 12.00
# Visual Studio 15
VisualStudioVersion = 15.0.27130.2010
MinimumVisualStudioVersion = 10.0.40219.1
Project("{FAE04EC0-301F-11D3-BF4B-00C04F79EFBC}") = "Messenger", "Messenger\Messenger.csproj", "{AC8E9B1B-9815-4398-B755-57A59615788C}"
EndProject
Project("{FAE04EC0-301F-11D3-BF4B-00C04F79EFBC}") = "Messenger.Client", "Messenger.Client\Messenger.Client.csproj", "{E4156422-2684-4222-95C2-4B9AE4CBA7E3}"
EndProject
Global
	GlobalSection(SolutionConfigurationPlatforms) = preSolution
		Debug|Any CPU = Debug|Any CPU
		Integration|Any CPU = Integration|Any CPU
		PAT|Any CPU = PAT|Any CPU
		Release|Any CPU = Release|Any CPU
	EndGlobalSection
	GlobalSection(ProjectConfigurationPlatforms) = postSolution
		{AC8E9B1B-9815-4398-B755-57A59615788C}.Debug|Any CPU.ActiveCfg = Debug|Any CPU
		{AC8E9B1B-9815-4398-B755-57A59615788C}.Debug|Any CPU.Build.0 = Debug|Any CPU
		{AC8E9B1B-9815-4398-B755-57A59615788C}.Integration|Any CPU.ActiveCfg = Integration|Any CPU
		{AC8E9B1B-9815-4398-B755-57A59615788C}.Integration|Any CPU.Build.0 = Integration|Any CPU
		{AC8E9B1B-9815-4398-B755-57A59615788C}.PAT|Any CPU.ActiveCfg = PAT|Any CPU
		{AC8E9B1B-9815-4398-B755-57A59615788C}.PAT|Any CPU.Build.0 = PAT|Any CPU
		{AC8E9B1B-9815-4398-B755-57A59615788C}.Release|Any CPU.ActiveCfg = Release|Any CPU
		{AC8E9B1B-9815-4398-B755-57A59615788C}.Release|Any CPU.Build.0 = Release|Any CPU
		{E4156422-2684-4222-95C2-4B9AE4CBA7E3}.Debug|Any CPU.ActiveCfg = Debug|Any CPU
		{E4156422-2684-4222-95C2-4B9AE4CBA7E3}.Debug|Any CPU.Build.0 = Debug|Any CPU
		{E4156422-2684-4222-95C2-4B9AE4CBA7E3}.Integration|Any CPU.ActiveCfg = Release|Any CPU
		{E4156422-2684-4222-95C2-4B9AE4CBA7E3}.Integration|Any CPU.Build.0 = Release|Any CPU
		{E4156422-2684-4222-95C2-4B9AE4CBA7E3}.PAT|Any CPU.ActiveCfg = Release|Any CPU
		{E4156422-2684-4222-95C2-4B9AE4CBA7E3}.PAT|Any CPU.Build.0 = Release|Any CPU
		{E4156422-2684-4222-95C2-4B9AE4CBA7E3}.Release|Any CPU.ActiveCfg = Release|Any CPU
		{E4156422-2684-4222-95C2-4B9AE4CBA7E3}.Release|Any CPU.Build.0 = Release|Any CPU
	EndGlobalSection
	GlobalSection(SolutionProperties) = preSolution
		HideSolutionNode = FALSE
	EndGlobalSection
	GlobalSection(ExtensibilityGlobals) = postSolution
		SolutionGuid = {C80194AA-FE5A-4AF2-A576-9F31E7152ACA}
	EndGlobalSection
EndGlobal
